# This file is automatically @generated by Cargo.
# It is not intended for manual editing.
version = 4

[[package]]
name = "procinf"
version = "0.1.0"
dependencies = [
 "scrtypes",
]

[[package]]
name = "scrtypes"
version = "0.0.1"
source = "git+https://github.com/SudoSilver/SCRTypes#b5b8a08c3c4f0cfbb1ad63b94d4f7e33829f7960"
